// !$*UTF8*$!
{
	archiveVersion = 1;
	classes = {
	};
	objectVersion = 56;
	objects = {

/* Begin PBXBuildFile section */
		6B33FBE92B024F24008F4536 /* AppDelegate.swift in Sources */ = {isa = PBXBuildFile; fileRef = 6B33FBE82B024F24008F4536 /* AppDelegate.swift */; };
		6B33FBED2B024F24008F4536 /* ViewController.swift in Sources */ = {isa = PBXBuildFile; fileRef = 6B33FBEC2B024F24008F4536 /* ViewController.swift */; };
		6B33FBF02B024F24008F4536 /* Main.storyboard in Resources */ = {isa = PBXBuildFile; fileRef = 6B33FBEE2B024F24008F4536 /* Main.storyboard */; };
		6B33FBF22B024F27008F4536 /* Assets.xcassets in Resources */ = {isa = PBXBuildFile; fileRef = 6B33FBF12B024F27008F4536 /* Assets.xcassets */; };
		6B33FBF52B024F27008F4536 /* LaunchScreen.storyboard in Resources */ = {isa = PBXBuildFile; fileRef = 6B33FBF32B024F27008F4536 /* LaunchScreen.storyboard */; };
		6B33FBFD2B025A37008F4536 /* RepositoriesCollectionViewCell.swift in Sources */ = {isa = PBXBuildFile; fileRef = 6B33FBFC2B025A37008F4536 /* RepositoriesCollectionViewCell.swift */; };
		6B33FC002B061B45008F4536 /* RepositoriesModel.swift in Sources */ = {isa = PBXBuildFile; fileRef = 6B33FBFF2B061B45008F4536 /* RepositoriesModel.swift */; };
		6B33FC052B062D46008F4536 /* ApiManager.swift in Sources */ = {isa = PBXBuildFile; fileRef = 6B33FC042B062D46008F4536 /* ApiManager.swift */; };
		6B33FC072B063245008F4536 /* FullNameModel.swift in Sources */ = {isa = PBXBuildFile; fileRef = 6B33FC062B063245008F4536 /* FullNameModel.swift */; };
		6BCB946A2B0B857400670E9C /* UserInfo.swift in Sources */ = {isa = PBXBuildFile; fileRef = 6BCB94692B0B857400670E9C /* UserInfo.swift */; };
/* End PBXBuildFile section */

/* Begin PBXFileReference section */
		6B33FBE52B024F24008F4536 /* GitHubRepositories.app */ = {isa = PBXFileReference; explicitFileType = wrapper.application; includeInIndex = 0; path = GitHubRepositories.app; sourceTree = BUILT_PRODUCTS_DIR; };
		6B33FBE82B024F24008F4536 /* AppDelegate.swift */ = {isa = PBXFileReference; lastKnownFileType = sourcecode.swift; path = AppDelegate.swift; sourceTree = "<group>"; };
		6B33FBEC2B024F24008F4536 /* ViewController.swift */ = {isa = PBXFileReference; lastKnownFileType = sourcecode.swift; path = ViewController.swift; sourceTree = "<group>"; };
		6B33FBEF2B024F24008F4536 /* Base */ = {isa = PBXFileReference; lastKnownFileType = file.storyboard; name = Base; path = Base.lproj/Main.storyboard; sourceTree = "<group>"; };
		6B33FBF12B024F27008F4536 /* Assets.xcassets */ = {isa = PBXFileReference; lastKnownFileType = folder.assetcatalog; path = Assets.xcassets; sourceTree = "<group>"; };
		6B33FBF42B024F27008F4536 /* Base */ = {isa = PBXFileReference; lastKnownFileType = file.storyboard; name = Base; path = Base.lproj/LaunchScreen.storyboard; sourceTree = "<group>"; };
		6B33FBF62B024F27008F4536 /* Info.plist */ = {isa = PBXFileReference; lastKnownFileType = text.plist.xml; path = Info.plist; sourceTree = "<group>"; };
		6B33FBFC2B025A37008F4536 /* RepositoriesCollectionViewCell.swift */ = {isa = PBXFileReference; lastKnownFileType = sourcecode.swift; path = RepositoriesCollectionViewCell.swift; sourceTree = "<group>"; };
		6B33FBFF2B061B45008F4536 /* RepositoriesModel.swift */ = {isa = PBXFileReference; lastKnownFileType = sourcecode.swift; path = RepositoriesModel.swift; sourceTree = "<group>"; };
		6B33FC042B062D46008F4536 /* ApiManager.swift */ = {isa = PBXFileReference; lastKnownFileType = sourcecode.swift; path = ApiManager.swift; sourceTree = "<group>"; };
		6B33FC062B063245008F4536 /* FullNameModel.swift */ = {isa = PBXFileReference; lastKnownFileType = sourcecode.swift; path = FullNameModel.swift; sourceTree = "<group>"; };
		6BCB94692B0B857400670E9C /* UserInfo.swift */ = {isa = PBXFileReference; lastKnownFileType = sourcecode.swift; path = UserInfo.swift; sourceTree = "<group>"; };
/* End PBXFileReference section */

/* Begin PBXFrameworksBuildPhase section */
		6B33FBE22B024F24008F4536 /* Frameworks */ = {
			isa = PBXFrameworksBuildPhase;
			buildActionMask = 2147483647;
			files = (
			);
			runOnlyForDeploymentPostprocessing = 0;
		};
/* End PBXFrameworksBuildPhase section */

/* Begin PBXGroup section */
		6B33FBDC2B024F24008F4536 = {
			isa = PBXGroup;
			children = (
				6B33FBE72B024F24008F4536 /* GitHubRepositories */,
				6B33FBE62B024F24008F4536 /* Products */,
			);
			sourceTree = "<group>";
		};
		6B33FBE62B024F24008F4536 /* Products */ = {
			isa = PBXGroup;
			children = (
				6B33FBE52B024F24008F4536 /* GitHubRepositories.app */,
			);
			name = Products;
			sourceTree = "<group>";
		};
		6B33FBE72B024F24008F4536 /* GitHubRepositories */ = {
			isa = PBXGroup;
			children = (
				6B33FBE82B024F24008F4536 /* AppDelegate.swift */,
				6B33FBF12B024F27008F4536 /* Assets.xcassets */,
				6B33FBF62B024F27008F4536 /* Info.plist */,
				6B33FC032B062D30008F4536 /* ApiManager */,
				6B33FC022B061C17008F4536 /* ViewControlers */,
				6B33FC012B061C10008F4536 /* View */,
				6B33FBFE2B061B1B008F4536 /* Models */,
			);
			path = GitHubRepositories;
			sourceTree = "<group>";
		};
		6B33FBFE2B061B1B008F4536 /* Models */ = {
			isa = PBXGroup;
			children = (
				6B33FBFF2B061B45008F4536 /* RepositoriesModel.swift */,
				6B33FC062B063245008F4536 /* FullNameModel.swift */,
				6BCB94692B0B857400670E9C /* UserInfo.swift */,
			);
			path = Models;
			sourceTree = "<group>";
		};
		6B33FC012B061C10008F4536 /* View */ = {
			isa = PBXGroup;
			children = (
				6B33FBF32B024F27008F4536 /* LaunchScreen.storyboard */,
				6B33FBEE2B024F24008F4536 /* Main.storyboard */,
			);
			path = View;
			sourceTree = "<group>";
		};
		6B33FC022B061C17008F4536 /* ViewControlers */ = {
			isa = PBXGroup;
			children = (
				6B33FBEC2B024F24008F4536 /* ViewController.swift */,
				6B33FBFC2B025A37008F4536 /* RepositoriesCollectionViewCell.swift */,
			);
			path = ViewControlers;
			sourceTree = "<group>";
		};
		6B33FC032B062D30008F4536 /* ApiManager */ = {
			isa = PBXGroup;
			children = (
				6B33FC042B062D46008F4536 /* ApiManager.swift */,
			);
			path = ApiManager;
			sourceTree = "<group>";
		};
/* End PBXGroup section */

/* Begin PBXNativeTarget section */
		6B33FBE42B024F24008F4536 /* GitHubRepositories */ = {
			isa = PBXNativeTarget;
			buildConfigurationList = 6B33FBF92B024F27008F4536 /* Build configuration list for PBXNativeTarget "GitHubRepositories" */;
			buildPhases = (
				6B33FBE12B024F24008F4536 /* Sources */,
				6B33FBE22B024F24008F4536 /* Frameworks */,
				6B33FBE32B024F24008F4536 /* Resources */,
			);
			buildRules = (
			);
			dependencies = (
			);
			name = GitHubRepositories;
			productName = GitHubRepositories;
			productReference = 6B33FBE52B024F24008F4536 /* GitHubRepositories.app */;
			productType = "com.apple.product-type.application";
		};
/* End PBXNativeTarget section */

/* Begin PBXProject section */
		6B33FBDD2B024F24008F4536 /* Project object */ = {
			isa = PBXProject;
			attributes = {
				BuildIndependentTargetsInParallel = 1;
				LastSwiftUpdateCheck = 1430;
				LastUpgradeCheck = 1430;
				TargetAttributes = {
					6B33FBE42B024F24008F4536 = {
						CreatedOnToolsVersion = 14.3.1;
					};
				};
			};
			buildConfigurationList = 6B33FBE02B024F24008F4536 /* Build configuration list for PBXProject "GitHubRepositories" */;
			compatibilityVersion = "Xcode 14.0";
			developmentRegion = en;
			hasScannedForEncodings = 0;
			knownRegions = (
				en,
				Base,
			);
			mainGroup = 6B33FBDC2B024F24008F4536;
			productRefGroup = 6B33FBE62B024F24008F4536 /* Products */;
			projectDirPath = "";
			projectRoot = "";
			targets = (
				6B33FBE42B024F24008F4536 /* GitHubRepositories */,
			);
		};
/* End PBXProject section */

/* Begin PBXResourcesBuildPhase section */
		6B33FBE32B024F24008F4536 /* Resources */ = {
			isa = PBXResourcesBuildPhase;
			buildActionMask = 2147483647;
			files = (
				6B33FBF52B024F27008F4536 /* LaunchScreen.storyboard in Resources */,
				6B33FBF22B024F27008F4536 /* Assets.xcassets in Resources */,
				6B33FBF02B024F24008F4536 /* Main.storyboard in Resources */,
			);
			runOnlyForDeploymentPostprocessing = 0;
		};
/* End PBXResourcesBuildPhase section */

/* Begin PBXSourcesBuildPhase section */
		6B33FBE12B024F24008F4536 /* Sources */ = {
			isa = PBXSourcesBuildPhase;
			buildActionMask = 2147483647;
			files = (
				6B33FBED2B024F24008F4536 /* ViewController.swift in Sources */,
				6B33FBFD2B025A37008F4536 /* RepositoriesCollectionViewCell.swift in Sources */,
				6B33FC052B062D46008F4536 /* ApiManager.swift in Sources */,
				6B33FC072B063245008F4536 /* FullNameModel.swift in Sources */,
				6B33FBE92B024F24008F4536 /* AppDelegate.swift in Sources */,
				6BCB946A2B0B857400670E9C /* UserInfo.swift in Sources */,
				6B33FC002B061B45008F4536 /* RepositoriesModel.swift in Sources */,
			);
			runOnlyForDeploymentPostprocessing = 0;
		};
/* End PBXSourcesBuildPhase section */

/* Begin PBXVariantGroup section */
		6B33FBEE2B024F24008F4536 /* Main.storyboard */ = {
			isa = PBXVariantGroup;
			children = (
				6B33FBEF2B024F24008F4536 /* Base */,
			);
			name = Main.storyboard;
			sourceTree = "<group>";
		};
		6B33FBF32B024F27008F4536 /* LaunchScreen.storyboard */ = {
			isa = PBXVariantGroup;
			children = (
				6B33FBF42B024F27008F4536 /* Base */,
			);
			name = LaunchScreen.storyboard;
			sourceTree = "<group>";
		};
/* End PBXVariantGroup section */

/* Begin XCBuildConfiguration section */
		6B33FBF72B024F27008F4536 /* Debug */ = {
			isa = XCBuildConfiguration;
			buildSettings = {
				ALWAYS_SEARCH_USER_PATHS = NO;
				CLANG_ANALYZER_NONNULL = YES;
				CLANG_ANALYZER_NUMBER_OBJECT_CONVERSION = YES_AGGRESSIVE;
				CLANG_CXX_LANGUAGE_STANDARD = "gnu++20";
				CLANG_ENABLE_MODULES = YES;
				CLANG_ENABLE_OBJC_ARC = YES;
				CLANG_ENABLE_OBJC_WEAK = YES;
				CLANG_WARN_BLOCK_CAPTURE_AUTORELEASING = YES;
				CLANG_WARN_BOOL_CONVERSION = YES;
				CLANG_WARN_COMMA = YES;
				CLANG_WARN_CONSTANT_CONVERSION = YES;
				CLANG_WARN_DEPRECATED_OBJC_IMPLEMENTATIONS = YES;
				CLANG_WARN_DIRECT_OBJC_ISA_USAGE = YES_ERROR;
				CLANG_WARN_DOCUMENTATION_COMMENTS = YES;
				CLANG_WARN_EMPTY_BODY = YES;
				CLANG_WARN_ENUM_CONVERSION = YES;
				CLANG_WARN_INFINITE_RECURSION = YES;
				CLANG_WARN_INT_CONVERSION = YES;
				CLANG_WARN_NON_LITERAL_NULL_CONVERSION = YES;
				CLANG_WARN_OBJC_IMPLICIT_RETAIN_SELF = YES;
				CLANG_WARN_OBJC_LITERAL_CONVERSION = YES;
				CLANG_WARN_OBJC_ROOT_CLASS = YES_ERROR;
				CLANG_WARN_QUOTED_INCLUDE_IN_FRAMEWORK_HEADER = YES;
				CLANG_WARN_RANGE_LOOP_ANALYSIS = YES;
				CLANG_WARN_STRICT_PROTOTYPES = YES;
				CLANG_WARN_SUSPICIOUS_MOVE = YES;
				CLANG_WARN_UNGUARDED_AVAILABILITY = YES_AGGRESSIVE;
				CLANG_WARN_UNREACHABLE_CODE = YES;
				CLANG_WARN__DUPLICATE_METHOD_MATCH = YES;
				COPY_PHASE_STRIP = NO;
				DEBUG_INFORMATION_FORMAT = dwarf;
				ENABLE_STRICT_OBJC_MSGSEND = YES;
				ENABLE_TESTABILITY = YES;
				GCC_C_LANGUAGE_STANDARD = gnu11;
				GCC_DYNAMIC_NO_PIC = NO;
				GCC_NO_COMMON_BLOCKS = YES;
				GCC_OPTIMIZATION_LEVEL = 0;
				GCC_PREPROCESSOR_DEFINITIONS = (
					"DEBUG=1",
					"$(inherited)",
				);
				GCC_WARN_64_TO_32_BIT_CONVERSION = YES;
				GCC_WARN_ABOUT_RETURN_TYPE = YES_ERROR;
				GCC_WARN_UNDECLARED_SELECTOR = YES;
				GCC_WARN_UNINITIALIZED_AUTOS = YES_AGGRESSIVE;
				GCC_WARN_UNUSED_FUNCTION = YES;
				GCC_WARN_UNUSED_VARIABLE = YES;
				IPHONEOS_DEPLOYMENT_TARGET = 16.4;
				MTL_ENABLE_DEBUG_INFO = INCLUDE_SOURCE;
				MTL_FAST_MATH = YES;
				ONLY_ACTIVE_ARCH = YES;
				SDKROOT = iphoneos;
				SWIFT_ACTIVE_COMPILATION_CONDITIONS = DEBUG;
				SWIFT_OPTIMIZATION_LEVEL = "-Onone";
			};
			name = Debug;
		};
		6B33FBF82B024F27008F4536 /* Release */ = {
			isa = XCBuildConfiguration;
			buildSettings = {
				ALWAYS_SEARCH_USER_PATHS = NO;
				CLANG_ANALYZER_NONNULL = YES;
				CLANG_ANALYZER_NUMBER_OBJECT_CONVERSION = YES_AGGRESSIVE;
				CLANG_CXX_LANGUAGE_STANDARD = "gnu++20";
				CLANG_ENABLE_MODULES = YES;
				CLANG_ENABLE_OBJC_ARC = YES;
				CLANG_ENABLE_OBJC_WEAK = YES;
				CLANG_WARN_BLOCK_CAPTURE_AUTORELEASING = YES;
				CLANG_WARN_BOOL_CONVERSION = YES;
				CLANG_WARN_COMMA = YES;
				CLANG_WARN_CONSTANT_CONVERSION = YES;
				CLANG_WARN_DEPRECATED_OBJC_IMPLEMENTATIONS = YES;
				CLANG_WARN_DIRECT_OBJC_ISA_USAGE = YES_ERROR;
				CLANG_WARN_DOCUMENTATION_COMMENTS = YES;
				CLANG_WARN_EMPTY_BODY = YES;
				CLANG_WARN_ENUM_CONVERSION = YES;
				CLANG_WARN_INFINITE_RECURSION = YES;
				CLANG_WARN_INT_CONVERSION = YES;
				CLANG_WARN_NON_LITERAL_NULL_CONVERSION = YES;
				CLANG_WARN_OBJC_IMPLICIT_RETAIN_SELF = YES;
				CLANG_WARN_OBJC_LITERAL_CONVERSION = YES;
				CLANG_WARN_OBJC_ROOT_CLASS = YES_ERROR;
				CLANG_WARN_QUOTED_INCLUDE_IN_FRAMEWORK_HEADER = YES;
				CLANG_WARN_RANGE_LOOP_ANALYSIS = YES;
				CLANG_WARN_STRICT_PROTOTYPES = YES;
				CLANG_WARN_SUSPICIOUS_MOVE = YES;
				CLANG_WARN_UNGUARDED_AVAILABILITY = YES_AGGRESSIVE;
				CLANG_WARN_UNREACHABLE_CODE = YES;
				CLANG_WARN__DUPLICATE_METHOD_MATCH = YES;
				COPY_PHASE_STRIP = NO;
				DEBUG_INFORMATION_FORMAT = "dwarf-with-dsym";
				ENABLE_NS_ASSERTIONS = NO;
				ENABLE_STRICT_OBJC_MSGSEND = YES;
				GCC_C_LANGUAGE_STANDARD = gnu11;
				GCC_NO_COMMON_BLOCKS = YES;
				GCC_WARN_64_TO_32_BIT_CONVERSION = YES;
				GCC_WARN_ABOUT_RETURN_TYPE = YES_ERROR;
				GCC_WARN_UNDECLARED_SELECTOR = YES;
				GCC_WARN_UNINITIALIZED_AUTOS = YES_AGGRESSIVE;
				GCC_WARN_UNUSED_FUNCTION = YES;
				GCC_WARN_UNUSED_VARIABLE = YES;
				IPHONEOS_DEPLOYMENT_TARGET = 16.4;
				MTL_ENABLE_DEBUG_INFO = NO;
				MTL_FAST_MATH = YES;
				SDKROOT = iphoneos;
				SWIFT_COMPILATION_MODE = wholemodule;
				SWIFT_OPTIMIZATION_LEVEL = "-O";
				VALIDATE_PRODUCT = YES;
			};
			name = Release;
		};
		6B33FBFA2B024F27008F4536 /* Debug */ = {
			isa = XCBuildConfiguration;
			buildSettings = {
				ASSETCATALOG_COMPILER_APPICON_NAME = AppIcon;
				ASSETCATALOG_COMPILER_GLOBAL_ACCENT_COLOR_NAME = AccentColor;
				CODE_SIGN_STYLE = Automatic;
				CURRENT_PROJECT_VERSION = 1;
				GENERATE_INFOPLIST_FILE = YES;
				INFOPLIST_FILE = GitHubRepositories/Info.plist;
				INFOPLIST_KEY_UIApplicationSupportsIndirectInputEvents = YES;
				INFOPLIST_KEY_UILaunchStoryboardName = LaunchScreen;
				INFOPLIST_KEY_UIMainStoryboardFile = Main;
				INFOPLIST_KEY_UISupportedInterfaceOrientations_iPad = "UIInterfaceOrientationPortrait UIInterfaceOrientationPortraitUpsideDown UIInterfaceOrientationLandscapeLeft UIInterfaceOrientationLandscapeRight";
				INFOPLIST_KEY_UISupportedInterfaceOrientations_iPhone = "UIInterfaceOrientationPortrait UIInterfaceOrientationLandscapeLeft UIInterfaceOrientationLandscapeRight";
				LD_RUNPATH_SEARCH_PATHS = (
					"$(inherited)",
					"@executable_path/Frameworks",
				);
				MARKETING_VERSION = 1.0;
				PRODUCT_BUNDLE_IDENTIFIER = One.GitHubRepositories;
				PRODUCT_NAME = "$(TARGET_NAME)";
				SWIFT_EMIT_LOC_STRINGS = YES;
				SWIFT_VERSION = 5.0;
				TARGETED_DEVICE_FAMILY = "1,2";
			};
			name = Debug;
		};
		6B33FBFB2B024F27008F4536 /* Release */ = {
			isa = XCBuildConfiguration;
			buildSettings = {
				ASSETCATALOG_COMPILER_APPICON_NAME = AppIcon;
				ASSETCATALOG_COMPILER_GLOBAL_ACCENT_COLOR_NAME = AccentColor;
				CODE_SIGN_STYLE = Automatic;
				CURRENT_PROJECT_VERSION = 1;
				GENERATE_INFOPLIST_FILE = YES;
				INFOPLIST_FILE = GitHubRepositories/Info.plist;
				INFOPLIST_KEY_UIApplicationSupportsIndirectInputEvents = YES;
				INFOPLIST_KEY_UILaunchStoryboardName = LaunchScreen;
				INFOPLIST_KEY_UIMainStoryboardFile = Main;
				INFOPLIST_KEY_UISupportedInterfaceOrientations_iPad = "UIInterfaceOrientationPortrait UIInterfaceOrientationPortraitUpsideDown UIInterfaceOrientationLandscapeLeft UIInterfaceOrientationLandscapeRight";
				INFOPLIST_KEY_UISupportedInterfaceOrientations_iPhone = "UIInterfaceOrientationPortrait UIInterfaceOrientationLandscapeLeft UIInterfaceOrientationLandscapeRight";
				LD_RUNPATH_SEARCH_PATHS = (
					"$(inherited)",
					"@executable_path/Frameworks",
				);
				MARKETING_VERSION = 1.0;
				PRODUCT_BUNDLE_IDENTIFIER = One.GitHubRepositories;
				PRODUCT_NAME = "$(TARGET_NAME)";
				SWIFT_EMIT_LOC_STRINGS = YES;
				SWIFT_VERSION = 5.0;
				TARGETED_DEVICE_FAMILY = "1,2";
			};
			name = Release;
		};
/* End XCBuildConfiguration section */

/* Begin XCConfigurationList section */
		6B33FBE02B024F24008F4536 /* Build configuration list for PBXProject "GitHubRepositories" */ = {
			isa = XCConfigurationList;
			buildConfigurations = (
				6B33FBF72B024F27008F4536 /* Debug */,
				6B33FBF82B024F27008F4536 /* Release */,
			);
			defaultConfigurationIsVisible = 0;
			defaultConfigurationName = Release;
		};
		6B33FBF92B024F27008F4536 /* Build configuration list for PBXNativeTarget "GitHubRepositories" */ = {
			isa = XCConfigurationList;
			buildConfigurations = (
				6B33FBFA2B024F27008F4536 /* Debug */,
				6B33FBFB2B024F27008F4536 /* Release */,
			);
			defaultConfigurationIsVisible = 0;
			defaultConfigurationName = Release;
		};
/* End XCConfigurationList section */
	};
	rootObject = 6B33FBDD2B024F24008F4536 /* Project object */;
}
